/scratch/lix33/lxwg/Test/pacbio/06_04_2021/sv/Signature/UST1008-2000_SC064818.svsig.gz
/scratch/lix33/lxwg/Test/pacbio/06_04_2021/sv/Signature/UST1037-2000_SC061918.svsig.gz
/scratch/lix33/lxwg/Test/pacbio/06_04_2021/sv/Signature/UST1035-2000_SC061920.svsig.gz
/scratch/lix33/lxwg/Test/pacbio/06_04_2021/sv/Signature/UST1041-2000_SC061909.svsig.gz
/scratch/lix33/lxwg/Test/pacbio/06_04_2021/sv/Signature/UST1013-2000_SC064821.svsig.gz
/scratch/lix33/lxwg/Test/pacbio/06_04_2021/sv/Signature/UST1030-2000_SC061903.svsig.gz
/scratch/lix33/lxwg/Test/pacbio/06_04_2021/sv/Signature/UST1159-2000_SC066150.svsig.gz
/scratch/lix33/lxwg/Test/pacbio/06_04_2021/sv/Signature/UST1009-2000_SC064814.svsig.gz
/scratch/lix33/lxwg/Test/pacbio/06_04_2021/sv/Result/sv.vcf
/CGF/Bioinformatics/Production/Wen/20191120_pacbio_24320/bam_location_post/UST1008-2000_SC064818.bam
/CGF/Bioinformatics/Production/Wen/20191120_pacbio_24320/bam_location_post/UST1037-2000_SC061918.bam
/CGF/Bioinformatics/Production/Wen/20191120_pacbio_24320/bam_location_post/UST1035-2000_SC061920.bam
/CGF/Bioinformatics/Production/Wen/20191120_pacbio_24320/bam_location_post/UST1041-2000_SC061909.bam
/CGF/Bioinformatics/Production/Wen/20191120_pacbio_24320/bam_location_post/UST1013-2000_SC064821.bam
/CGF/Bioinformatics/Production/Wen/20191120_pacbio_24320/bam_location_post/UST1030-2000_SC061903.bam
/CGF/Bioinformatics/Production/Wen/20191120_pacbio_24320/bam_location_post/UST1159-2000_SC066150.bam
/CGF/Bioinformatics/Production/Wen/20191120_pacbio_24320/bam_location_post/UST1009-2000_SC064814.bam
/DCEG/CGF/TempFileSwap/Kristie/References/GRCh38.p2.maimcontigs.fa
/scratch/lix33/lxwg/Test/pacbio/06_04_2021/sv/Signature/UST1008-2000_SC064818.svsig.gz
/scratch/lix33/lxwg/Test/pacbio/06_04_2021/sv/Signature/UST1037-2000_SC061918.svsig.gz
/scratch/lix33/lxwg/Test/pacbio/06_04_2021/sv/Signature/UST1035-2000_SC061920.svsig.gz
/scratch/lix33/lxwg/Test/pacbio/06_04_2021/sv/Signature/UST1041-2000_SC061909.svsig.gz
/scratch/lix33/lxwg/Test/pacbio/06_04_2021/sv/Signature/UST1013-2000_SC064821.svsig.gz
/scratch/lix33/lxwg/Test/pacbio/06_04_2021/sv/Signature/UST1030-2000_SC061903.svsig.gz
/scratch/lix33/lxwg/Test/pacbio/06_04_2021/sv/Signature/UST1159-2000_SC066150.svsig.gz
/scratch/lix33/lxwg/Test/pacbio/06_04_2021/sv/Signature/UST1009-2000_SC064814.svsig.gz
